
Microsoft Visual Studio Solution File, Format Version 12.00
# Visual Studio Version 17
VisualStudioVersion = 17.14.36212.18
MinimumVisualStudioVersion = 10.0.40219.1
Project("{2150E333-8FDC-42A3-9474-1A3956D46DE8}") = "Core", "Core", "{02EA681E-C7D8-13C7-8484-4AC65E1B71E8}"
EndProject
Project("{FAE04EC0-301F-11D3-BF4B-00C04F79EFBC}") = "ETicaretAPI.Domain", "Core\ETicaretAPI.Domain\ETicaretAPI.Domain.csproj", "{B67225D9-72CB-47DE-B3FE-DB48D053E3AA}"
EndProject
Project("{FAE04EC0-301F-11D3-BF4B-00C04F79EFBC}") = "ETicaretAPI.Application", "Core\ETicaretAPI.Application\ETicaretAPI.Application.csproj", "{2A9056B5-C4C2-414D-A740-DB4864FAA0DF}"
EndProject
Project("{2150E333-8FDC-42A3-9474-1A3956D46DE8}") = "Infrastructure", "Infrastructure", "{1B0455C6-E38D-4419-9D11-D193EAF3AF11}"
EndProject
Project("{FAE04EC0-301F-11D3-BF4B-00C04F79EFBC}") = "ETicaretAPI.Infrastructure", "Infrastructure\ETicaretAPI.Infrastructure\ETicaretAPI.Infrastructure.csproj", "{1F69E4A5-44DF-4205-B692-1090363E20EF}"
EndProject
Project("{FAE04EC0-301F-11D3-BF4B-00C04F79EFBC}") = "ETicaretAPI.Persistence", "Infastructure\ETicaretAPI.Persistence\ETicaretAPI.Persistence.csproj", "{66A081CE-1AFD-4D64-8595-E26D9CC8B74B}"
EndProject
Project("{2150E333-8FDC-42A3-9474-1A3956D46DE8}") = "Presentation", "Presentation", "{E111348F-A79E-4B7B-8A57-A3393926230E}"
EndProject
Project("{FAE04EC0-301F-11D3-BF4B-00C04F79EFBC}") = "ETicaretAPI.API", "Presentation\ETicaretAPI.API\ETicaretAPI.API.csproj", "{DACBADB1-EC6F-4531-A8CF-97B1F44DA1D7}"
EndProject
Global
	GlobalSection(SolutionConfigurationPlatforms) = preSolution
		Debug|Any CPU = Debug|Any CPU
		Release|Any CPU = Release|Any CPU
	EndGlobalSection
	GlobalSection(ProjectConfigurationPlatforms) = postSolution
		{B67225D9-72CB-47DE-B3FE-DB48D053E3AA}.Debug|Any CPU.ActiveCfg = Debug|Any CPU
		{B67225D9-72CB-47DE-B3FE-DB48D053E3AA}.Debug|Any CPU.Build.0 = Debug|Any CPU
		{B67225D9-72CB-47DE-B3FE-DB48D053E3AA}.Release|Any CPU.ActiveCfg = Release|Any CPU
		{B67225D9-72CB-47DE-B3FE-DB48D053E3AA}.Release|Any CPU.Build.0 = Release|Any CPU
		{2A9056B5-C4C2-414D-A740-DB4864FAA0DF}.Debug|Any CPU.ActiveCfg = Debug|Any CPU
		{2A9056B5-C4C2-414D-A740-DB4864FAA0DF}.Debug|Any CPU.Build.0 = Debug|Any CPU
		{2A9056B5-C4C2-414D-A740-DB4864FAA0DF}.Release|Any CPU.ActiveCfg = Release|Any CPU
		{2A9056B5-C4C2-414D-A740-DB4864FAA0DF}.Release|Any CPU.Build.0 = Release|Any CPU
		{1F69E4A5-44DF-4205-B692-1090363E20EF}.Debug|Any CPU.ActiveCfg = Debug|Any CPU
		{1F69E4A5-44DF-4205-B692-1090363E20EF}.Debug|Any CPU.Build.0 = Debug|Any CPU
		{1F69E4A5-44DF-4205-B692-1090363E20EF}.Release|Any CPU.ActiveCfg = Release|Any CPU
		{1F69E4A5-44DF-4205-B692-1090363E20EF}.Release|Any CPU.Build.0 = Release|Any CPU
		{66A081CE-1AFD-4D64-8595-E26D9CC8B74B}.Debug|Any CPU.ActiveCfg = Debug|Any CPU
		{66A081CE-1AFD-4D64-8595-E26D9CC8B74B}.Debug|Any CPU.Build.0 = Debug|Any CPU
		{66A081CE-1AFD-4D64-8595-E26D9CC8B74B}.Release|Any CPU.ActiveCfg = Release|Any CPU
		{66A081CE-1AFD-4D64-8595-E26D9CC8B74B}.Release|Any CPU.Build.0 = Release|Any CPU
		{DACBADB1-EC6F-4531-A8CF-97B1F44DA1D7}.Debug|Any CPU.ActiveCfg = Debug|Any CPU
		{DACBADB1-EC6F-4531-A8CF-97B1F44DA1D7}.Debug|Any CPU.Build.0 = Debug|Any CPU
		{DACBADB1-EC6F-4531-A8CF-97B1F44DA1D7}.Release|Any CPU.ActiveCfg = Release|Any CPU
		{DACBADB1-EC6F-4531-A8CF-97B1F44DA1D7}.Release|Any CPU.Build.0 = Release|Any CPU
	EndGlobalSection
	GlobalSection(SolutionProperties) = preSolution
		HideSolutionNode = FALSE
	EndGlobalSection
	GlobalSection(NestedProjects) = preSolution
		{B67225D9-72CB-47DE-B3FE-DB48D053E3AA} = {02EA681E-C7D8-13C7-8484-4AC65E1B71E8}
		{2A9056B5-C4C2-414D-A740-DB4864FAA0DF} = {02EA681E-C7D8-13C7-8484-4AC65E1B71E8}
		{1F69E4A5-44DF-4205-B692-1090363E20EF} = {1B0455C6-E38D-4419-9D11-D193EAF3AF11}
		{66A081CE-1AFD-4D64-8595-E26D9CC8B74B} = {1B0455C6-E38D-4419-9D11-D193EAF3AF11}
		{DACBADB1-EC6F-4531-A8CF-97B1F44DA1D7} = {E111348F-A79E-4B7B-8A57-A3393926230E}
	EndGlobalSection
	GlobalSection(ExtensibilityGlobals) = postSolution
		SolutionGuid = {E44850AC-5985-4CDE-8A1D-60D904900E1D}
	EndGlobalSection
EndGlobal
